
Microsoft Visual Studio Solution File, Format Version 12.00
# Visual Studio Version 17
VisualStudioVersion = 17.13.35825.156 d17.13
MinimumVisualStudioVersion = 10.0.40219.1
Project("{FAE04EC0-301F-11D3-BF4B-00C04F79EFBC}") = "arayüz4", "arayüz4.csproj", "{C68E6127-02FB-4210-9C2A-17F5E0408D0B}"
EndProject
Global
	GlobalSection(SolutionConfigurationPlatforms) = preSolution
		Debug|Any CPU = Debug|Any CPU
		Release|Any CPU = Release|Any CPU
	EndGlobalSection
	GlobalSection(ProjectConfigurationPlatforms) = postSolution
		{C68E6127-02FB-4210-9C2A-17F5E0408D0B}.Debug|Any CPU.ActiveCfg = Debug|Any CPU
		{C68E6127-02FB-4210-9C2A-17F5E0408D0B}.Debug|Any CPU.Build.0 = Debug|Any CPU
		{C68E6127-02FB-4210-9C2A-17F5E0408D0B}.Release|Any CPU.ActiveCfg = Release|Any CPU
		{C68E6127-02FB-4210-9C2A-17F5E0408D0B}.Release|Any CPU.Build.0 = Release|Any CPU
	EndGlobalSection
	GlobalSection(SolutionProperties) = preSolution
		HideSolutionNode = FALSE
	EndGlobalSection
	GlobalSection(ExtensibilityGlobals) = postSolution
		SolutionGuid = {35754CBA-1089-4ED3-A762-EEB18CA2AED1}
	EndGlobalSection
EndGlobal
